
Microsoft Visual Studio Solution File, Format Version 12.00
# Visual Studio Version 16
VisualStudioVersion = 16.0.30309.148
MinimumVisualStudioVersion = 10.0.40219.1
Project("{00D1A9C2-B5F0-4AF3-8072-F6C62B433612}") = "ProjectDB", "ProjectDB\ProjectDB.sqlproj", "{B2AFEF77-BAA8-487B-AFE2-26B9C322E9BB}"
EndProject
Project("{FAE04EC0-301F-11D3-BF4B-00C04F79EFBC}") = "DataLibrary", "DataLibrary\DataLibrary.csproj", "{4AC7C11C-829F-40A3-A65B-4D541EC00DA6}"
EndProject
Global
	GlobalSection(SolutionConfigurationPlatforms) = preSolution
		Debug|Any CPU = Debug|Any CPU
		Release|Any CPU = Release|Any CPU
	EndGlobalSection
	GlobalSection(ProjectConfigurationPlatforms) = postSolution
		{B2AFEF77-BAA8-487B-AFE2-26B9C322E9BB}.Debug|Any CPU.ActiveCfg = Debug|Any CPU
		{B2AFEF77-BAA8-487B-AFE2-26B9C322E9BB}.Debug|Any CPU.Build.0 = Debug|Any CPU
		{B2AFEF77-BAA8-487B-AFE2-26B9C322E9BB}.Debug|Any CPU.Deploy.0 = Debug|Any CPU
		{B2AFEF77-BAA8-487B-AFE2-26B9C322E9BB}.Release|Any CPU.ActiveCfg = Release|Any CPU
		{B2AFEF77-BAA8-487B-AFE2-26B9C322E9BB}.Release|Any CPU.Build.0 = Release|Any CPU
		{B2AFEF77-BAA8-487B-AFE2-26B9C322E9BB}.Release|Any CPU.Deploy.0 = Release|Any CPU
		{4AC7C11C-829F-40A3-A65B-4D541EC00DA6}.Debug|Any CPU.ActiveCfg = Debug|Any CPU
		{4AC7C11C-829F-40A3-A65B-4D541EC00DA6}.Debug|Any CPU.Build.0 = Debug|Any CPU
		{4AC7C11C-829F-40A3-A65B-4D541EC00DA6}.Release|Any CPU.ActiveCfg = Release|Any CPU
		{4AC7C11C-829F-40A3-A65B-4D541EC00DA6}.Release|Any CPU.Build.0 = Release|Any CPU
	EndGlobalSection
	GlobalSection(SolutionProperties) = preSolution
		HideSolutionNode = FALSE
	EndGlobalSection
	GlobalSection(ExtensibilityGlobals) = postSolution
		SolutionGuid = {ABCBD7D7-3E34-45DB-9060-6F9681AF0B88}
	EndGlobalSection
EndGlobal
